// !$*UTF8*$!
{
	archiveVersion = 1;
	classes = {
	};
	objectVersion = 56;
	objects = {

/* Begin PBXBuildFile section */
		234A71A42B0B7E9A00B8E60B /* .gitignore in Resources */ = {isa = PBXBuildFile; fileRef = 234A71A32B0B7E9A00B8E60B /* .gitignore */; };
		236D14F92B08ECA400665205 /* SignUpViewConroller.swift in Sources */ = {isa = PBXBuildFile; fileRef = 236D14F82B08ECA400665205 /* SignUpViewConroller.swift */; };
		236D14FC2B08F54500665205 /* PointColorHoshiTextField.swift in Sources */ = {isa = PBXBuildFile; fileRef = 236D14FB2B08F54500665205 /* PointColorHoshiTextField.swift */; };
		236D14FE2B090AE900665205 /* WhiteAndShadowContainerView.swift in Sources */ = {isa = PBXBuildFile; fileRef = 236D14FD2B090AE900665205 /* WhiteAndShadowContainerView.swift */; };
		236D15002B090B2000665205 /* BaseView.swift in Sources */ = {isa = PBXBuildFile; fileRef = 236D14FF2B090B2000665205 /* BaseView.swift */; };
		236D15032B09188F00665205 /* WelcomeViewController.swift in Sources */ = {isa = PBXBuildFile; fileRef = 236D15022B09188F00665205 /* WelcomeViewController.swift */; };
		23CACC0D2B00E7B9008AC1DD /* AppDelegate.swift in Sources */ = {isa = PBXBuildFile; fileRef = 23CACC0C2B00E7B9008AC1DD /* AppDelegate.swift */; };
		23CACC0F2B00E7B9008AC1DD /* SceneDelegate.swift in Sources */ = {isa = PBXBuildFile; fileRef = 23CACC0E2B00E7B9008AC1DD /* SceneDelegate.swift */; };
		23CACC112B00E7B9008AC1DD /* LoginViewController.swift in Sources */ = {isa = PBXBuildFile; fileRef = 23CACC102B00E7B9008AC1DD /* LoginViewController.swift */; };
		23CACC162B00E7D7008AC1DD /* Assets.xcassets in Resources */ = {isa = PBXBuildFile; fileRef = 23CACC152B00E7D7008AC1DD /* Assets.xcassets */; };
		23CACC192B00E7D7008AC1DD /* LaunchScreen.storyboard in Resources */ = {isa = PBXBuildFile; fileRef = 23CACC172B00E7D7008AC1DD /* LaunchScreen.storyboard */; };
		23CACC252B00FCD6008AC1DD /* Color+Enum.swift in Sources */ = {isa = PBXBuildFile; fileRef = 23CACC242B00FCD6008AC1DD /* Color+Enum.swift */; };
		23CACC282B00FEAD008AC1DD /* BaseViewController.swift in Sources */ = {isa = PBXBuildFile; fileRef = 23CACC272B00FEAD008AC1DD /* BaseViewController.swift */; };
		23CACC2C2B010327008AC1DD /* SnapKit in Frameworks */ = {isa = PBXBuildFile; productRef = 23CACC2B2B010327008AC1DD /* SnapKit */; };
		23CACC2F2B010350008AC1DD /* TextFieldEffects in Frameworks */ = {isa = PBXBuildFile; productRef = 23CACC2E2B010350008AC1DD /* TextFieldEffects */; };
		23CACC322B010376008AC1DD /* RxCocoa in Frameworks */ = {isa = PBXBuildFile; productRef = 23CACC312B010376008AC1DD /* RxCocoa */; };
		23CACC342B010376008AC1DD /* RxSwift in Frameworks */ = {isa = PBXBuildFile; productRef = 23CACC332B010376008AC1DD /* RxSwift */; };
		23CACC362B01059B008AC1DD /* Image+Enum.swift in Sources */ = {isa = PBXBuildFile; fileRef = 23CACC352B01059B008AC1DD /* Image+Enum.swift */; };
		23FD161A2B0898F600D16409 /* ValidationError+Enum.swift in Sources */ = {isa = PBXBuildFile; fileRef = 23FD16192B0898F600D16409 /* ValidationError+Enum.swift */; };
		23FD161C2B08CE0500D16409 /* LoginViewModel.swift in Sources */ = {isa = PBXBuildFile; fileRef = 23FD161B2B08CE0400D16409 /* LoginViewModel.swift */; };
/* End PBXBuildFile section */

/* Begin PBXFileReference section */
		234A71A32B0B7E9A00B8E60B /* .gitignore */ = {isa = PBXFileReference; lastKnownFileType = text; path = .gitignore; sourceTree = "<group>"; };
		236D14F82B08ECA400665205 /* SignUpViewConroller.swift */ = {isa = PBXFileReference; lastKnownFileType = sourcecode.swift; path = SignUpViewConroller.swift; sourceTree = "<group>"; };
		236D14FB2B08F54500665205 /* PointColorHoshiTextField.swift */ = {isa = PBXFileReference; lastKnownFileType = sourcecode.swift; path = PointColorHoshiTextField.swift; sourceTree = "<group>"; };
		236D14FD2B090AE900665205 /* WhiteAndShadowContainerView.swift */ = {isa = PBXFileReference; lastKnownFileType = sourcecode.swift; path = WhiteAndShadowContainerView.swift; sourceTree = "<group>"; };
		236D14FF2B090B2000665205 /* BaseView.swift */ = {isa = PBXFileReference; lastKnownFileType = sourcecode.swift; path = BaseView.swift; sourceTree = "<group>"; };
		236D15022B09188F00665205 /* WelcomeViewController.swift */ = {isa = PBXFileReference; lastKnownFileType = sourcecode.swift; path = WelcomeViewController.swift; sourceTree = "<group>"; };
		23CACC092B00E7B9008AC1DD /* Let'sShare.app */ = {isa = PBXFileReference; explicitFileType = wrapper.application; includeInIndex = 0; path = "Let'sShare.app"; sourceTree = BUILT_PRODUCTS_DIR; };
		23CACC0C2B00E7B9008AC1DD /* AppDelegate.swift */ = {isa = PBXFileReference; lastKnownFileType = sourcecode.swift; path = AppDelegate.swift; sourceTree = "<group>"; };
		23CACC0E2B00E7B9008AC1DD /* SceneDelegate.swift */ = {isa = PBXFileReference; lastKnownFileType = sourcecode.swift; path = SceneDelegate.swift; sourceTree = "<group>"; };
		23CACC102B00E7B9008AC1DD /* LoginViewController.swift */ = {isa = PBXFileReference; lastKnownFileType = sourcecode.swift; path = LoginViewController.swift; sourceTree = "<group>"; };
		23CACC152B00E7D7008AC1DD /* Assets.xcassets */ = {isa = PBXFileReference; lastKnownFileType = folder.assetcatalog; path = Assets.xcassets; sourceTree = "<group>"; };
		23CACC182B00E7D7008AC1DD /* Base */ = {isa = PBXFileReference; lastKnownFileType = file.storyboard; name = Base; path = Base.lproj/LaunchScreen.storyboard; sourceTree = "<group>"; };
		23CACC1A2B00E7D7008AC1DD /* Info.plist */ = {isa = PBXFileReference; lastKnownFileType = text.plist.xml; path = Info.plist; sourceTree = "<group>"; };
		23CACC242B00FCD6008AC1DD /* Color+Enum.swift */ = {isa = PBXFileReference; lastKnownFileType = sourcecode.swift; path = "Color+Enum.swift"; sourceTree = "<group>"; };
		23CACC272B00FEAD008AC1DD /* BaseViewController.swift */ = {isa = PBXFileReference; lastKnownFileType = sourcecode.swift; path = BaseViewController.swift; sourceTree = "<group>"; };
		23CACC352B01059B008AC1DD /* Image+Enum.swift */ = {isa = PBXFileReference; lastKnownFileType = sourcecode.swift; path = "Image+Enum.swift"; sourceTree = "<group>"; };
		23FD16192B0898F600D16409 /* ValidationError+Enum.swift */ = {isa = PBXFileReference; lastKnownFileType = sourcecode.swift; path = "ValidationError+Enum.swift"; sourceTree = "<group>"; };
		23FD161B2B08CE0400D16409 /* LoginViewModel.swift */ = {isa = PBXFileReference; lastKnownFileType = sourcecode.swift; path = LoginViewModel.swift; sourceTree = "<group>"; };
/* End PBXFileReference section */

/* Begin PBXFrameworksBuildPhase section */
		23CACC062B00E7B9008AC1DD /* Frameworks */ = {
			isa = PBXFrameworksBuildPhase;
			buildActionMask = 2147483647;
			files = (
				23CACC322B010376008AC1DD /* RxCocoa in Frameworks */,
				23CACC2C2B010327008AC1DD /* SnapKit in Frameworks */,
				23CACC342B010376008AC1DD /* RxSwift in Frameworks */,
				23CACC2F2B010350008AC1DD /* TextFieldEffects in Frameworks */,
			);
			runOnlyForDeploymentPostprocessing = 0;
		};
/* End PBXFrameworksBuildPhase section */

/* Begin PBXGroup section */
		236D14F72B08EC6C00665205 /* SignUp */ = {
			isa = PBXGroup;
			children = (
				236D14F82B08ECA400665205 /* SignUpViewConroller.swift */,
			);
			path = SignUp;
			sourceTree = "<group>";
		};
		236D14FA2B08F4F700665205 /* CustomView */ = {
			isa = PBXGroup;
			children = (
				236D14FB2B08F54500665205 /* PointColorHoshiTextField.swift */,
				236D14FD2B090AE900665205 /* WhiteAndShadowContainerView.swift */,
			);
			path = CustomView;
			sourceTree = "<group>";
		};
		236D15012B09185400665205 /* Welcome */ = {
			isa = PBXGroup;
			children = (
				236D15022B09188F00665205 /* WelcomeViewController.swift */,
			);
			path = Welcome;
			sourceTree = "<group>";
		};
		23CACC002B00E7B9008AC1DD = {
			isa = PBXGroup;
			children = (
				23CACC0B2B00E7B9008AC1DD /* Let'sShare */,
				23CACC0A2B00E7B9008AC1DD /* Products */,
			);
			sourceTree = "<group>";
		};
		23CACC0A2B00E7B9008AC1DD /* Products */ = {
			isa = PBXGroup;
			children = (
				23CACC092B00E7B9008AC1DD /* Let'sShare.app */,
			);
			name = Products;
			sourceTree = "<group>";
		};
		23CACC0B2B00E7B9008AC1DD /* Let'sShare */ = {
			isa = PBXGroup;
			children = (
				23CACC212B00FCA3008AC1DD /* Utility */,
				236D14FA2B08F4F700665205 /* CustomView */,
				23CACC202B00E969008AC1DD /* Scene */,
				23CACC0C2B00E7B9008AC1DD /* AppDelegate.swift */,
				23CACC0E2B00E7B9008AC1DD /* SceneDelegate.swift */,
				23CACC152B00E7D7008AC1DD /* Assets.xcassets */,
				23CACC172B00E7D7008AC1DD /* LaunchScreen.storyboard */,
				23CACC1A2B00E7D7008AC1DD /* Info.plist */,
				234A71A32B0B7E9A00B8E60B /* .gitignore */,
			);
			path = "Let'sShare";
			sourceTree = "<group>";
		};
		23CACC202B00E969008AC1DD /* Scene */ = {
			isa = PBXGroup;
			children = (
				23CACC262B00FE83008AC1DD /* Base */,
				236D15012B09185400665205 /* Welcome */,
				23CACC292B00FEF1008AC1DD /* Login */,
				236D14F72B08EC6C00665205 /* SignUp */,
			);
			path = Scene;
			sourceTree = "<group>";
		};
		23CACC212B00FCA3008AC1DD /* Utility */ = {
			isa = PBXGroup;
			children = (
				23CACC242B00FCD6008AC1DD /* Color+Enum.swift */,
				23CACC352B01059B008AC1DD /* Image+Enum.swift */,
				23FD16192B0898F600D16409 /* ValidationError+Enum.swift */,
			);
			path = Utility;
			sourceTree = "<group>";
		};
		23CACC262B00FE83008AC1DD /* Base */ = {
			isa = PBXGroup;
			children = (
				23CACC272B00FEAD008AC1DD /* BaseViewController.swift */,
				236D14FF2B090B2000665205 /* BaseView.swift */,
			);
			path = Base;
			sourceTree = "<group>";
		};
		23CACC292B00FEF1008AC1DD /* Login */ = {
			isa = PBXGroup;
			children = (
				23CACC102B00E7B9008AC1DD /* LoginViewController.swift */,
				23FD161B2B08CE0400D16409 /* LoginViewModel.swift */,
			);
			path = Login;
			sourceTree = "<group>";
		};
/* End PBXGroup section */

/* Begin PBXNativeTarget section */
		23CACC082B00E7B9008AC1DD /* Let'sShare */ = {
			isa = PBXNativeTarget;
			buildConfigurationList = 23CACC1D2B00E7D7008AC1DD /* Build configuration list for PBXNativeTarget "Let'sShare" */;
			buildPhases = (
				23CACC052B00E7B9008AC1DD /* Sources */,
				23CACC062B00E7B9008AC1DD /* Frameworks */,
				23CACC072B00E7B9008AC1DD /* Resources */,
			);
			buildRules = (
			);
			dependencies = (
			);
			name = "Let'sShare";
			packageProductDependencies = (
				23CACC2B2B010327008AC1DD /* SnapKit */,
				23CACC2E2B010350008AC1DD /* TextFieldEffects */,
				23CACC312B010376008AC1DD /* RxCocoa */,
				23CACC332B010376008AC1DD /* RxSwift */,
			);
			productName = "Let'sShare";
			productReference = 23CACC092B00E7B9008AC1DD /* Let'sShare.app */;
			productType = "com.apple.product-type.application";
		};
/* End PBXNativeTarget section */

/* Begin PBXProject section */
		23CACC012B00E7B9008AC1DD /* Project object */ = {
			isa = PBXProject;
			attributes = {
				BuildIndependentTargetsInParallel = 1;
				LastSwiftUpdateCheck = 1500;
				LastUpgradeCheck = 1500;
				TargetAttributes = {
					23CACC082B00E7B9008AC1DD = {
						CreatedOnToolsVersion = 15.0.1;
					};
				};
			};
			buildConfigurationList = 23CACC042B00E7B9008AC1DD /* Build configuration list for PBXProject "Let'sShare" */;
			compatibilityVersion = "Xcode 14.0";
			developmentRegion = en;
			hasScannedForEncodings = 0;
			knownRegions = (
				en,
				Base,
			);
			mainGroup = 23CACC002B00E7B9008AC1DD;
			packageReferences = (
				23CACC2A2B010327008AC1DD /* XCRemoteSwiftPackageReference "SnapKit" */,
				23CACC2D2B01034F008AC1DD /* XCRemoteSwiftPackageReference "TextFieldEffects" */,
				23CACC302B010375008AC1DD /* XCRemoteSwiftPackageReference "RxSwift" */,
			);
			productRefGroup = 23CACC0A2B00E7B9008AC1DD /* Products */;
			projectDirPath = "";
			projectRoot = "";
			targets = (
				23CACC082B00E7B9008AC1DD /* Let'sShare */,
			);
		};
/* End PBXProject section */

/* Begin PBXResourcesBuildPhase section */
		23CACC072B00E7B9008AC1DD /* Resources */ = {
			isa = PBXResourcesBuildPhase;
			buildActionMask = 2147483647;
			files = (
				23CACC192B00E7D7008AC1DD /* LaunchScreen.storyboard in Resources */,
				234A71A42B0B7E9A00B8E60B /* .gitignore in Resources */,
				23CACC162B00E7D7008AC1DD /* Assets.xcassets in Resources */,
			);
			runOnlyForDeploymentPostprocessing = 0;
		};
/* End PBXResourcesBuildPhase section */

/* Begin PBXSourcesBuildPhase section */
		23CACC052B00E7B9008AC1DD /* Sources */ = {
			isa = PBXSourcesBuildPhase;
			buildActionMask = 2147483647;
			files = (
				236D14FC2B08F54500665205 /* PointColorHoshiTextField.swift in Sources */,
				23CACC282B00FEAD008AC1DD /* BaseViewController.swift in Sources */,
				23FD161A2B0898F600D16409 /* ValidationError+Enum.swift in Sources */,
				236D15002B090B2000665205 /* BaseView.swift in Sources */,
				236D14FE2B090AE900665205 /* WhiteAndShadowContainerView.swift in Sources */,
				23CACC112B00E7B9008AC1DD /* LoginViewController.swift in Sources */,
				236D15032B09188F00665205 /* WelcomeViewController.swift in Sources */,
				23CACC252B00FCD6008AC1DD /* Color+Enum.swift in Sources */,
				23FD161C2B08CE0500D16409 /* LoginViewModel.swift in Sources */,
				236D14F92B08ECA400665205 /* SignUpViewConroller.swift in Sources */,
				23CACC0D2B00E7B9008AC1DD /* AppDelegate.swift in Sources */,
				23CACC362B01059B008AC1DD /* Image+Enum.swift in Sources */,
				23CACC0F2B00E7B9008AC1DD /* SceneDelegate.swift in Sources */,
			);
			runOnlyForDeploymentPostprocessing = 0;
		};
/* End PBXSourcesBuildPhase section */

/* Begin PBXVariantGroup section */
		23CACC172B00E7D7008AC1DD /* LaunchScreen.storyboard */ = {
			isa = PBXVariantGroup;
			children = (
				23CACC182B00E7D7008AC1DD /* Base */,
			);
			name = LaunchScreen.storyboard;
			sourceTree = "<group>";
		};
/* End PBXVariantGroup section */

/* Begin XCBuildConfiguration section */
		23CACC1B2B00E7D7008AC1DD /* Debug */ = {
			isa = XCBuildConfiguration;
			buildSettings = {
				ALWAYS_SEARCH_USER_PATHS = NO;
				ASSETCATALOG_COMPILER_GENERATE_SWIFT_ASSET_SYMBOL_EXTENSIONS = YES;
				CLANG_ANALYZER_NONNULL = YES;
				CLANG_ANALYZER_NUMBER_OBJECT_CONVERSION = YES_AGGRESSIVE;
				CLANG_CXX_LANGUAGE_STANDARD = "gnu++20";
				CLANG_ENABLE_MODULES = YES;
				CLANG_ENABLE_OBJC_ARC = YES;
				CLANG_ENABLE_OBJC_WEAK = YES;
				CLANG_WARN_BLOCK_CAPTURE_AUTORELEASING = YES;
				CLANG_WARN_BOOL_CONVERSION = YES;
				CLANG_WARN_COMMA = YES;
				CLANG_WARN_CONSTANT_CONVERSION = YES;
				CLANG_WARN_DEPRECATED_OBJC_IMPLEMENTATIONS = YES;
				CLANG_WARN_DIRECT_OBJC_ISA_USAGE = YES_ERROR;
				CLANG_WARN_DOCUMENTATION_COMMENTS = YES;
				CLANG_WARN_EMPTY_BODY = YES;
				CLANG_WARN_ENUM_CONVERSION = YES;
				CLANG_WARN_INFINITE_RECURSION = YES;
				CLANG_WARN_INT_CONVERSION = YES;
				CLANG_WARN_NON_LITERAL_NULL_CONVERSION = YES;
				CLANG_WARN_OBJC_IMPLICIT_RETAIN_SELF = YES;
				CLANG_WARN_OBJC_LITERAL_CONVERSION = YES;
				CLANG_WARN_OBJC_ROOT_CLASS = YES_ERROR;
				CLANG_WARN_QUOTED_INCLUDE_IN_FRAMEWORK_HEADER = YES;
				CLANG_WARN_RANGE_LOOP_ANALYSIS = YES;
				CLANG_WARN_STRICT_PROTOTYPES = YES;
				CLANG_WARN_SUSPICIOUS_MOVE = YES;
				CLANG_WARN_UNGUARDED_AVAILABILITY = YES_AGGRESSIVE;
				CLANG_WARN_UNREACHABLE_CODE = YES;
				CLANG_WARN__DUPLICATE_METHOD_MATCH = YES;
				COPY_PHASE_STRIP = NO;
				DEBUG_INFORMATION_FORMAT = dwarf;
				ENABLE_STRICT_OBJC_MSGSEND = YES;
				ENABLE_TESTABILITY = YES;
				ENABLE_USER_SCRIPT_SANDBOXING = YES;
				GCC_C_LANGUAGE_STANDARD = gnu17;
				GCC_DYNAMIC_NO_PIC = NO;
				GCC_NO_COMMON_BLOCKS = YES;
				GCC_OPTIMIZATION_LEVEL = 0;
				GCC_PREPROCESSOR_DEFINITIONS = (
					"DEBUG=1",
					"$(inherited)",
				);
				GCC_WARN_64_TO_32_BIT_CONVERSION = YES;
				GCC_WARN_ABOUT_RETURN_TYPE = YES_ERROR;
				GCC_WARN_UNDECLARED_SELECTOR = YES;
				GCC_WARN_UNINITIALIZED_AUTOS = YES_AGGRESSIVE;
				GCC_WARN_UNUSED_FUNCTION = YES;
				GCC_WARN_UNUSED_VARIABLE = YES;
				IPHONEOS_DEPLOYMENT_TARGET = 17.0;
				LOCALIZATION_PREFERS_STRING_CATALOGS = YES;
				MTL_ENABLE_DEBUG_INFO = INCLUDE_SOURCE;
				MTL_FAST_MATH = YES;
				ONLY_ACTIVE_ARCH = YES;
				SDKROOT = iphoneos;
				SWIFT_ACTIVE_COMPILATION_CONDITIONS = "DEBUG $(inherited)";
				SWIFT_OPTIMIZATION_LEVEL = "-Onone";
			};
			name = Debug;
		};
		23CACC1C2B00E7D7008AC1DD /* Release */ = {
			isa = XCBuildConfiguration;
			buildSettings = {
				ALWAYS_SEARCH_USER_PATHS = NO;
				ASSETCATALOG_COMPILER_GENERATE_SWIFT_ASSET_SYMBOL_EXTENSIONS = YES;
				CLANG_ANALYZER_NONNULL = YES;
				CLANG_ANALYZER_NUMBER_OBJECT_CONVERSION = YES_AGGRESSIVE;
				CLANG_CXX_LANGUAGE_STANDARD = "gnu++20";
				CLANG_ENABLE_MODULES = YES;
				CLANG_ENABLE_OBJC_ARC = YES;
				CLANG_ENABLE_OBJC_WEAK = YES;
				CLANG_WARN_BLOCK_CAPTURE_AUTORELEASING = YES;
				CLANG_WARN_BOOL_CONVERSION = YES;
				CLANG_WARN_COMMA = YES;
				CLANG_WARN_CONSTANT_CONVERSION = YES;
				CLANG_WARN_DEPRECATED_OBJC_IMPLEMENTATIONS = YES;
				CLANG_WARN_DIRECT_OBJC_ISA_USAGE = YES_ERROR;
				CLANG_WARN_DOCUMENTATION_COMMENTS = YES;
				CLANG_WARN_EMPTY_BODY = YES;
				CLANG_WARN_ENUM_CONVERSION = YES;
				CLANG_WARN_INFINITE_RECURSION = YES;
				CLANG_WARN_INT_CONVERSION = YES;
				CLANG_WARN_NON_LITERAL_NULL_CONVERSION = YES;
				CLANG_WARN_OBJC_IMPLICIT_RETAIN_SELF = YES;
				CLANG_WARN_OBJC_LITERAL_CONVERSION = YES;
				CLANG_WARN_OBJC_ROOT_CLASS = YES_ERROR;
				CLANG_WARN_QUOTED_INCLUDE_IN_FRAMEWORK_HEADER = YES;
				CLANG_WARN_RANGE_LOOP_ANALYSIS = YES;
				CLANG_WARN_STRICT_PROTOTYPES = YES;
				CLANG_WARN_SUSPICIOUS_MOVE = YES;
				CLANG_WARN_UNGUARDED_AVAILABILITY = YES_AGGRESSIVE;
				CLANG_WARN_UNREACHABLE_CODE = YES;
				CLANG_WARN__DUPLICATE_METHOD_MATCH = YES;
				COPY_PHASE_STRIP = NO;
				DEBUG_INFORMATION_FORMAT = "dwarf-with-dsym";
				ENABLE_NS_ASSERTIONS = NO;
				ENABLE_STRICT_OBJC_MSGSEND = YES;
				ENABLE_USER_SCRIPT_SANDBOXING = YES;
				GCC_C_LANGUAGE_STANDARD = gnu17;
				GCC_NO_COMMON_BLOCKS = YES;
				GCC_WARN_64_TO_32_BIT_CONVERSION = YES;
				GCC_WARN_ABOUT_RETURN_TYPE = YES_ERROR;
				GCC_WARN_UNDECLARED_SELECTOR = YES;
				GCC_WARN_UNINITIALIZED_AUTOS = YES_AGGRESSIVE;
				GCC_WARN_UNUSED_FUNCTION = YES;
				GCC_WARN_UNUSED_VARIABLE = YES;
				IPHONEOS_DEPLOYMENT_TARGET = 17.0;
				LOCALIZATION_PREFERS_STRING_CATALOGS = YES;
				MTL_ENABLE_DEBUG_INFO = NO;
				MTL_FAST_MATH = YES;
				SDKROOT = iphoneos;
				SWIFT_COMPILATION_MODE = wholemodule;
				VALIDATE_PRODUCT = YES;
			};
			name = Release;
		};
		23CACC1E2B00E7D7008AC1DD /* Debug */ = {
			isa = XCBuildConfiguration;
			buildSettings = {
				ASSETCATALOG_COMPILER_APPICON_NAME = AppIcon;
				ASSETCATALOG_COMPILER_GLOBAL_ACCENT_COLOR_NAME = AccentColor;
				CODE_SIGN_STYLE = Automatic;
				CURRENT_PROJECT_VERSION = 1;
				DEVELOPMENT_TEAM = XG2N7C4BNF;
				GENERATE_INFOPLIST_FILE = YES;
				INFOPLIST_FILE = "Let'sShare/Info.plist";
				INFOPLIST_KEY_UIApplicationSupportsIndirectInputEvents = YES;
				INFOPLIST_KEY_UILaunchStoryboardName = LaunchScreen;
				INFOPLIST_KEY_UISupportedInterfaceOrientations_iPad = "UIInterfaceOrientationPortrait UIInterfaceOrientationPortraitUpsideDown UIInterfaceOrientationLandscapeLeft UIInterfaceOrientationLandscapeRight";
				INFOPLIST_KEY_UISupportedInterfaceOrientations_iPhone = "UIInterfaceOrientationPortrait UIInterfaceOrientationLandscapeLeft UIInterfaceOrientationLandscapeRight";
				IPHONEOS_DEPLOYMENT_TARGET = 16.0;
				LD_RUNPATH_SEARCH_PATHS = (
					"$(inherited)",
					"@executable_path/Frameworks",
				);
				MARKETING_VERSION = 1.0;
				PRODUCT_BUNDLE_IDENTIFIER = "com.dory.Let-sShare";
				PRODUCT_NAME = "$(TARGET_NAME)";
				SUPPORTED_PLATFORMS = "iphoneos iphonesimulator";
				SUPPORTS_MACCATALYST = NO;
				SUPPORTS_MAC_DESIGNED_FOR_IPHONE_IPAD = NO;
				SWIFT_EMIT_LOC_STRINGS = YES;
				SWIFT_VERSION = 5.0;
				TARGETED_DEVICE_FAMILY = 1;
			};
			name = Debug;
		};
		23CACC1F2B00E7D7008AC1DD /* Release */ = {
			isa = XCBuildConfiguration;
			buildSettings = {
				ASSETCATALOG_COMPILER_APPICON_NAME = AppIcon;
				ASSETCATALOG_COMPILER_GLOBAL_ACCENT_COLOR_NAME = AccentColor;
				CODE_SIGN_STYLE = Automatic;
				CURRENT_PROJECT_VERSION = 1;
				DEVELOPMENT_TEAM = XG2N7C4BNF;
				GENERATE_INFOPLIST_FILE = YES;
				INFOPLIST_FILE = "Let'sShare/Info.plist";
				INFOPLIST_KEY_UIApplicationSupportsIndirectInputEvents = YES;
				INFOPLIST_KEY_UILaunchStoryboardName = LaunchScreen;
				INFOPLIST_KEY_UISupportedInterfaceOrientations_iPad = "UIInterfaceOrientationPortrait UIInterfaceOrientationPortraitUpsideDown UIInterfaceOrientationLandscapeLeft UIInterfaceOrientationLandscapeRight";
				INFOPLIST_KEY_UISupportedInterfaceOrientations_iPhone = "UIInterfaceOrientationPortrait UIInterfaceOrientationLandscapeLeft UIInterfaceOrientationLandscapeRight";
				IPHONEOS_DEPLOYMENT_TARGET = 16.0;
				LD_RUNPATH_SEARCH_PATHS = (
					"$(inherited)",
					"@executable_path/Frameworks",
				);
				MARKETING_VERSION = 1.0;
				PRODUCT_BUNDLE_IDENTIFIER = "com.dory.Let-sShare";
				PRODUCT_NAME = "$(TARGET_NAME)";
				SUPPORTED_PLATFORMS = "iphoneos iphonesimulator";
				SUPPORTS_MACCATALYST = NO;
				SUPPORTS_MAC_DESIGNED_FOR_IPHONE_IPAD = NO;
				SWIFT_EMIT_LOC_STRINGS = YES;
				SWIFT_VERSION = 5.0;
				TARGETED_DEVICE_FAMILY = 1;
			};
			name = Release;
		};
/* End XCBuildConfiguration section */

/* Begin XCConfigurationList section */
		23CACC042B00E7B9008AC1DD /* Build configuration list for PBXProject "Let'sShare" */ = {
			isa = XCConfigurationList;
			buildConfigurations = (
				23CACC1B2B00E7D7008AC1DD /* Debug */,
				23CACC1C2B00E7D7008AC1DD /* Release */,
			);
			defaultConfigurationIsVisible = 0;
			defaultConfigurationName = Release;
		};
		23CACC1D2B00E7D7008AC1DD /* Build configuration list for PBXNativeTarget "Let'sShare" */ = {
			isa = XCConfigurationList;
			buildConfigurations = (
				23CACC1E2B00E7D7008AC1DD /* Debug */,
				23CACC1F2B00E7D7008AC1DD /* Release */,
			);
			defaultConfigurationIsVisible = 0;
			defaultConfigurationName = Release;
		};
/* End XCConfigurationList section */

/* Begin XCRemoteSwiftPackageReference section */
		23CACC2A2B010327008AC1DD /* XCRemoteSwiftPackageReference "SnapKit" */ = {
			isa = XCRemoteSwiftPackageReference;
			repositoryURL = "https://github.com/SnapKit/SnapKit.git";
			requirement = {
				kind = upToNextMajorVersion;
				minimumVersion = 5.6.0;
			};
		};
		23CACC2D2B01034F008AC1DD /* XCRemoteSwiftPackageReference "TextFieldEffects" */ = {
			isa = XCRemoteSwiftPackageReference;
			repositoryURL = "https://github.com/raulriera/TextFieldEffects.git";
			requirement = {
				kind = upToNextMajorVersion;
				minimumVersion = 1.7.0;
			};
		};
		23CACC302B010375008AC1DD /* XCRemoteSwiftPackageReference "RxSwift" */ = {
			isa = XCRemoteSwiftPackageReference;
			repositoryURL = "https://github.com/ReactiveX/RxSwift.git";
			requirement = {
				kind = upToNextMajorVersion;
				minimumVersion = 6.6.0;
			};
		};
/* End XCRemoteSwiftPackageReference section */

/* Begin XCSwiftPackageProductDependency section */
		23CACC2B2B010327008AC1DD /* SnapKit */ = {
			isa = XCSwiftPackageProductDependency;
			package = 23CACC2A2B010327008AC1DD /* XCRemoteSwiftPackageReference "SnapKit" */;
			productName = SnapKit;
		};
		23CACC2E2B010350008AC1DD /* TextFieldEffects */ = {
			isa = XCSwiftPackageProductDependency;
			package = 23CACC2D2B01034F008AC1DD /* XCRemoteSwiftPackageReference "TextFieldEffects" */;
			productName = TextFieldEffects;
		};
		23CACC312B010376008AC1DD /* RxCocoa */ = {
			isa = XCSwiftPackageProductDependency;
			package = 23CACC302B010375008AC1DD /* XCRemoteSwiftPackageReference "RxSwift" */;
			productName = RxCocoa;
		};
		23CACC332B010376008AC1DD /* RxSwift */ = {
			isa = XCSwiftPackageProductDependency;
			package = 23CACC302B010375008AC1DD /* XCRemoteSwiftPackageReference "RxSwift" */;
			productName = RxSwift;
		};
/* End XCSwiftPackageProductDependency section */
	};
	rootObject = 23CACC012B00E7B9008AC1DD /* Project object */;
}
